
Microsoft Visual Studio Solution File, Format Version 12.00
# Visual Studio Version 16
VisualStudioVersion = 16.0.30621.155
MinimumVisualStudioVersion = 10.0.40219.1
Project("{9A19103F-16F7-4668-BE54-9A1E7A4F7556}") = "Gartner", "Gartner\Gartner.csproj", "{4D0F23CC-18FE-48FD-88BE-32609610C058}"
EndProject
Project("{9A19103F-16F7-4668-BE54-9A1E7A4F7556}") = "Gartner.Service", "Gartner.Service\Gartner.Service.csproj", "{E9FC3383-EBF7-4A22-81B8-8BEB06BD3E57}"
EndProject
Project("{9A19103F-16F7-4668-BE54-9A1E7A4F7556}") = "Gartner.UnitTest", "Gartner.UnitTest\Gartner.UnitTest.csproj", "{A05432FC-AB04-41A0-8954-4A1B3C321F3D}"
EndProject
Project("{2150E333-8FDC-42A3-9474-1A3956D46DE8}") = "Solution Items", "Solution Items", "{F7E16857-1DF2-4C86-966A-CBB1CD08D612}"
	ProjectSection(SolutionItems) = preProject
		..\..\Downloads\Take home assignment- .Net SSE\software engineer\database\dump.sql = ..\..\Downloads\Take home assignment- .Net SSE\software engineer\database\dump.sql
		README.md = README.md
		SQLQUERIESREADME.md = SQLQUERIESREADME.md
	EndProjectSection
EndProject
Global
	GlobalSection(SolutionConfigurationPlatforms) = preSolution
		Debug|Any CPU = Debug|Any CPU
		Release|Any CPU = Release|Any CPU
	EndGlobalSection
	GlobalSection(ProjectConfigurationPlatforms) = postSolution
		{4D0F23CC-18FE-48FD-88BE-32609610C058}.Debug|Any CPU.ActiveCfg = Debug|Any CPU
		{4D0F23CC-18FE-48FD-88BE-32609610C058}.Debug|Any CPU.Build.0 = Debug|Any CPU
		{4D0F23CC-18FE-48FD-88BE-32609610C058}.Release|Any CPU.ActiveCfg = Release|Any CPU
		{4D0F23CC-18FE-48FD-88BE-32609610C058}.Release|Any CPU.Build.0 = Release|Any CPU
		{E9FC3383-EBF7-4A22-81B8-8BEB06BD3E57}.Debug|Any CPU.ActiveCfg = Debug|Any CPU
		{E9FC3383-EBF7-4A22-81B8-8BEB06BD3E57}.Debug|Any CPU.Build.0 = Debug|Any CPU
		{E9FC3383-EBF7-4A22-81B8-8BEB06BD3E57}.Release|Any CPU.ActiveCfg = Release|Any CPU
		{E9FC3383-EBF7-4A22-81B8-8BEB06BD3E57}.Release|Any CPU.Build.0 = Release|Any CPU
		{A05432FC-AB04-41A0-8954-4A1B3C321F3D}.Debug|Any CPU.ActiveCfg = Debug|Any CPU
		{A05432FC-AB04-41A0-8954-4A1B3C321F3D}.Debug|Any CPU.Build.0 = Debug|Any CPU
		{A05432FC-AB04-41A0-8954-4A1B3C321F3D}.Release|Any CPU.ActiveCfg = Release|Any CPU
		{A05432FC-AB04-41A0-8954-4A1B3C321F3D}.Release|Any CPU.Build.0 = Release|Any CPU
	EndGlobalSection
	GlobalSection(SolutionProperties) = preSolution
		HideSolutionNode = FALSE
	EndGlobalSection
	GlobalSection(ExtensibilityGlobals) = postSolution
		SolutionGuid = {034A7D16-0C66-4CE8-88D6-968BE14D0947}
	EndGlobalSection
EndGlobal
